{
    "_meta": {
        "hash": {
            "sha256": "bb3aef76c7196560120f938c5d578a4edc29e0c2068f6775112eb65f6523fa83"
        },
        "pipfile-spec": 6,
        "requires": {
            "python_version": "3.12"
        },
        "sources": [
            {
                "name": "pypi",
                "url": "https://pypi.org/simple",
                "verify_ssl": true
            }
        ]
    },
    "default": {},
    "develop": {}
}
